
Microsoft Visual Studio Solution File, Format Version 12.00
# Visual Studio Version 16
VisualStudioVersion = 16.0.30204.135
MinimumVisualStudioVersion = 10.0.40219.1
Project("{E24C65DC-7377-472B-9ABA-BC803B73C61A}") = "WCFServiceMod", "WCFServiceMod\", "{E8E13D92-BED1-48AE-AADA-2AA62C275D90}"
	ProjectSection(WebsiteProperties) = preProject
		TargetFrameworkMoniker = ".NETFramework,Version%3Dv4.7.2"
		Debug.AspNetCompiler.VirtualPath = "/localhost_50527"
		Debug.AspNetCompiler.PhysicalPath = "WCFServiceMod\"
		Debug.AspNetCompiler.TargetPath = "PrecompiledWeb\localhost_50527\"
		Debug.AspNetCompiler.Updateable = "true"
		Debug.AspNetCompiler.ForceOverwrite = "true"
		Debug.AspNetCompiler.FixedNames = "false"
		Debug.AspNetCompiler.Debug = "True"
		Release.AspNetCompiler.VirtualPath = "/localhost_50527"
		Release.AspNetCompiler.PhysicalPath = "WCFServiceMod\"
		Release.AspNetCompiler.TargetPath = "PrecompiledWeb\localhost_50527\"
		Release.AspNetCompiler.Updateable = "true"
		Release.AspNetCompiler.ForceOverwrite = "true"
		Release.AspNetCompiler.FixedNames = "false"
		Release.AspNetCompiler.Debug = "False"
		VWDPort = "50527"
		SlnRelativePath = "WCFServiceMod\"
		DefaultWebSiteLanguage = "Visual C#"
	EndProjectSection
EndProject
Project("{FAE04EC0-301F-11D3-BF4B-00C04F79EFBC}") = "Cliente", "Cliente\Cliente.csproj", "{FAE02572-9FCF-4EE2-A4B4-A4A76D787BCE}"
	ProjectSection(ProjectDependencies) = postProject
		{E8E13D92-BED1-48AE-AADA-2AA62C275D90} = {E8E13D92-BED1-48AE-AADA-2AA62C275D90}
	EndProjectSection
EndProject
Global
	GlobalSection(SolutionConfigurationPlatforms) = preSolution
		Debug|Any CPU = Debug|Any CPU
		Release|Any CPU = Release|Any CPU
	EndGlobalSection
	GlobalSection(ProjectConfigurationPlatforms) = postSolution
		{E8E13D92-BED1-48AE-AADA-2AA62C275D90}.Debug|Any CPU.ActiveCfg = Debug|Any CPU
		{E8E13D92-BED1-48AE-AADA-2AA62C275D90}.Debug|Any CPU.Build.0 = Debug|Any CPU
		{E8E13D92-BED1-48AE-AADA-2AA62C275D90}.Release|Any CPU.ActiveCfg = Debug|Any CPU
		{E8E13D92-BED1-48AE-AADA-2AA62C275D90}.Release|Any CPU.Build.0 = Debug|Any CPU
		{FAE02572-9FCF-4EE2-A4B4-A4A76D787BCE}.Debug|Any CPU.ActiveCfg = Debug|Any CPU
		{FAE02572-9FCF-4EE2-A4B4-A4A76D787BCE}.Debug|Any CPU.Build.0 = Debug|Any CPU
		{FAE02572-9FCF-4EE2-A4B4-A4A76D787BCE}.Release|Any CPU.ActiveCfg = Release|Any CPU
		{FAE02572-9FCF-4EE2-A4B4-A4A76D787BCE}.Release|Any CPU.Build.0 = Release|Any CPU
	EndGlobalSection
	GlobalSection(SolutionProperties) = preSolution
		HideSolutionNode = FALSE
	EndGlobalSection
	GlobalSection(ExtensibilityGlobals) = postSolution
		SolutionGuid = {FCAD523A-C930-4447-B7BB-73BB6A8B4B5C}
	EndGlobalSection
EndGlobal
